
Microsoft Visual Studio Solution File, Format Version 12.00
# Visual Studio Version 16
VisualStudioVersion = 16.0.30517.126
MinimumVisualStudioVersion = 10.0.40219.1
Project("{FAE04EC0-301F-11D3-BF4B-00C04F79EFBC}") = "AddressBook", "AddressBook\AddressBook.csproj", "{61C0CFFE-7799-4904-9DA9-4138ABA87D05}"
EndProject
Global
	GlobalSection(SolutionConfigurationPlatforms) = preSolution
		Debug|Any CPU = Debug|Any CPU
		Release|Any CPU = Release|Any CPU
	EndGlobalSection
	GlobalSection(ProjectConfigurationPlatforms) = postSolution
		{61C0CFFE-7799-4904-9DA9-4138ABA87D05}.Debug|Any CPU.ActiveCfg = Debug|Any CPU
		{61C0CFFE-7799-4904-9DA9-4138ABA87D05}.Debug|Any CPU.Build.0 = Debug|Any CPU
		{61C0CFFE-7799-4904-9DA9-4138ABA87D05}.Release|Any CPU.ActiveCfg = Release|Any CPU
		{61C0CFFE-7799-4904-9DA9-4138ABA87D05}.Release|Any CPU.Build.0 = Release|Any CPU
	EndGlobalSection
	GlobalSection(SolutionProperties) = preSolution
		HideSolutionNode = FALSE
	EndGlobalSection
	GlobalSection(ExtensibilityGlobals) = postSolution
		SolutionGuid = {928EE3F8-1403-4F16-8E00-BE72789927C2}
	EndGlobalSection
EndGlobal
